PODS:
  - bdk-rn (0.29.0):
    - React
  - boost (1.76.0)
  - CocoaAsyncSocket (7.6.5)
  - DoubleConversion (1.1.6)
  - FBLazyVector (0.71.12)
  - FBReactNativeSpec (0.71.12):
    - RCT-Folly (= 2021.07.22.00)
    - RCTRequired (= 0.71.12)
    - RCTTypeSafety (= 0.71.12)
    - React-Core (= 0.71.12)
    - React-jsi (= 0.71.12)
    - ReactCommon/turbomodule/core (= 0.71.12)
  - Flipper (0.125.0):
    - Flipper-Folly (~> 2.6)
    - Flipper-RSocket (~> 1.4)
  - Flipper-Boost-iOSX (1.76.0.1.11)
  - Flipper-DoubleConversion (3.2.0.1)
  - Flipper-Fmt (7.1.7)
  - Flipper-Folly (2.6.10):
    - Flipper-Boost-iOSX
    - Flipper-DoubleConversion
    - Flipper-Fmt (= 7.1.7)
    - Flipper-Glog
    - libevent (~> 2.1.12)
    - OpenSSL-Universal (= 1.1.1100)
  - Flipper-Glog (0.5.0.5)
  - Flipper-PeerTalk (0.0.4)
  - Flipper-RSocket (1.4.3):
    - Flipper-Folly (~> 2.6)
  - FlipperKit (0.125.0):
    - FlipperKit/Core (= 0.125.0)
  - FlipperKit/Core (0.125.0):
    - Flipper (~> 0.125.0)
    - FlipperKit/CppBridge
    - FlipperKit/FBCxxFollyDynamicConvert
    - FlipperKit/FBDefines
    - FlipperKit/FKPortForwarding
    - SocketRocket (~> 0.6.0)
  - FlipperKit/CppBridge (0.125.0):
    - Flipper (~> 0.125.0)
  - FlipperKit/FBCxxFollyDynamicConvert (0.125.0):
    - Flipper-Folly (~> 2.6)
  - FlipperKit/FBDefines (0.125.0)
  - FlipperKit/FKPortForwarding (0.125.0):
    - CocoaAsyncSocket (~> 7.6)
    - Flipper-PeerTalk (~> 0.0.4)
  - FlipperKit/FlipperKitHighlightOverlay (0.125.0)
  - FlipperKit/FlipperKitLayoutHelpers (0.125.0):
    - FlipperKit/Core
    - FlipperKit/FlipperKitHighlightOverlay
    - FlipperKit/FlipperKitLayoutTextSearchable
  - FlipperKit/FlipperKitLayoutIOSDescriptors (0.125.0):
    - FlipperKit/Core
    - FlipperKit/FlipperKitHighlightOverlay
    - FlipperKit/FlipperKitLayoutHelpers
    - YogaKit (~> 1.18)
  - FlipperKit/FlipperKitLayoutPlugin (0.125.0):
    - FlipperKit/Core
    - FlipperKit/FlipperKitHighlightOverlay
    - FlipperKit/FlipperKitLayoutHelpers
    - FlipperKit/FlipperKitLayoutIOSDescriptors
    - FlipperKit/FlipperKitLayoutTextSearchable
    - YogaKit (~> 1.18)
  - FlipperKit/FlipperKitLayoutTextSearchable (0.125.0)
  - FlipperKit/FlipperKitNetworkPlugin (0.125.0):
    - FlipperKit/Core
  - FlipperKit/FlipperKitReactPlugin (0.125.0):
    - FlipperKit/Core
  - FlipperKit/FlipperKitUserDefaultsPlugin (0.125.0):
    - FlipperKit/Core
  - FlipperKit/SKIOSNetworkPlugin (0.125.0):
    - FlipperKit/Core
    - FlipperKit/FlipperKitNetworkPlugin
  - fmt (6.2.1)
  - glog (0.3.5)
  - GoogleDataTransport (9.2.5):
    - GoogleUtilities/Environment (~> 7.7)
    - nanopb (< 2.30910.0, >= 2.30908.0)
    - PromisesObjC (< 3.0, >= 1.2)
  - GoogleMLKit/BarcodeScanning (4.0.0):
    - GoogleMLKit/MLKitCore
    - MLKitBarcodeScanning (~> 3.0.0)
  - GoogleMLKit/MLKitCore (4.0.0):
    - MLKitCommon (~> 9.0.0)
  - GoogleToolboxForMac/DebugUtils (2.3.2):
    - GoogleToolboxForMac/Defines (= 2.3.2)
  - GoogleToolboxForMac/Defines (2.3.2)
  - GoogleToolboxForMac/Logger (2.3.2):
    - GoogleToolboxForMac/Defines (= 2.3.2)
  - "GoogleToolboxForMac/NSData+zlib (2.3.2)":
    - GoogleToolboxForMac/Defines (= 2.3.2)
  - "GoogleToolboxForMac/NSDictionary+URLArguments (2.3.2)":
    - GoogleToolboxForMac/DebugUtils (= 2.3.2)
    - GoogleToolboxForMac/Defines (= 2.3.2)
    - "GoogleToolboxForMac/NSString+URLArguments (= 2.3.2)"
  - "GoogleToolboxForMac/NSString+URLArguments (2.3.2)"
  - GoogleUtilities/Environment (7.11.5):
    - PromisesObjC (< 3.0, >= 1.2)
  - GoogleUtilities/Logger (7.11.5):
    - GoogleUtilities/Environment
  - GoogleUtilities/UserDefaults (7.11.5):
    - GoogleUtilities/Logger
  - GoogleUtilitiesComponents (1.1.0):
    - GoogleUtilities/Logger
  - GTMSessionFetcher/Core (2.3.0)
  - hermes-engine (0.71.12):
    - hermes-engine/Pre-built (= 0.71.12)
  - hermes-engine/Pre-built (0.71.12)
  - libevent (2.1.12)
  - MLImage (1.0.0-beta4)
  - MLKitBarcodeScanning (3.0.0):
    - MLKitCommon (~> 9.0)
    - MLKitVision (~> 5.0)
  - MLKitCommon (9.0.0):
    - GoogleDataTransport (~> 9.0)
    - GoogleToolboxForMac/Logger (~> 2.1)
    - "GoogleToolboxForMac/NSData+zlib (~> 2.1)"
    - "GoogleToolboxForMac/NSDictionary+URLArguments (~> 2.1)"
    - GoogleUtilities/UserDefaults (~> 7.0)
    - GoogleUtilitiesComponents (~> 1.0)
    - GTMSessionFetcher/Core (< 3.0, >= 1.1)
  - MLKitVision (5.0.0):
    - GoogleToolboxForMac/Logger (~> 2.1)
    - "GoogleToolboxForMac/NSData+zlib (~> 2.1)"
    - GTMSessionFetcher/Core (< 3.0, >= 1.1)
    - MLImage (= 1.0.0-beta4)
    - MLKitCommon (~> 9.0)
  - nanopb (2.30909.0):
    - nanopb/decode (= 2.30909.0)
    - nanopb/encode (= 2.30909.0)
  - nanopb/decode (2.30909.0)
  - nanopb/encode (2.30909.0)
  - OpenSSL-Universal (1.1.1100)
  - PromisesObjC (2.3.1)
  - RCT-Folly (2021.07.22.00):
    - boost
    - DoubleConversion
    - fmt (~> 6.2.1)
    - glog
    - RCT-Folly/Default (= 2021.07.22.00)
  - RCT-Folly/Default (2021.07.22.00):
    - boost
    - DoubleConversion
    - fmt (~> 6.2.1)
    - glog
  - RCT-Folly/Futures (2021.07.22.00):
    - boost
    - DoubleConversion
    - fmt (~> 6.2.1)
    - glog
    - libevent
  - RCTRequired (0.71.12)
  - RCTTypeSafety (0.71.12):
    - FBLazyVector (= 0.71.12)
    - RCTRequired (= 0.71.12)
    - React-Core (= 0.71.12)
  - React (0.71.12):
    - React-Core (= 0.71.12)
    - React-Core/DevSupport (= 0.71.12)
    - React-Core/RCTWebSocket (= 0.71.12)
    - React-RCTActionSheet (= 0.71.12)
    - React-RCTAnimation (= 0.71.12)
    - React-RCTBlob (= 0.71.12)
    - React-RCTImage (= 0.71.12)
    - React-RCTLinking (= 0.71.12)
    - React-RCTNetwork (= 0.71.12)
    - React-RCTSettings (= 0.71.12)
    - React-RCTText (= 0.71.12)
    - React-RCTVibration (= 0.71.12)
  - React-callinvoker (0.71.12)
  - React-Codegen (0.71.12):
    - FBReactNativeSpec
    - hermes-engine
    - RCT-Folly
    - RCTRequired
    - RCTTypeSafety
    - React-Core
    - React-jsi
    - React-jsiexecutor
    - ReactCommon/turbomodule/bridging
    - ReactCommon/turbomodule/core
  - React-Core (0.71.12):
    - glog
    - hermes-engine
    - RCT-Folly (= 2021.07.22.00)
    - React-Core/Default (= 0.71.12)
    - React-cxxreact (= 0.71.12)
    - React-hermes
    - React-jsi (= 0.71.12)
    - React-jsiexecutor (= 0.71.12)
    - React-perflogger (= 0.71.12)
    - Yoga
  - React-Core/CoreModulesHeaders (0.71.12):
    - glog
    - hermes-engine
    - RCT-Folly (= 2021.07.22.00)
    - React-Core/Default
    - React-cxxreact (= 0.71.12)
    - React-hermes
    - React-jsi (= 0.71.12)
    - React-jsiexecutor (= 0.71.12)
    - React-perflogger (= 0.71.12)
    - Yoga
  - React-Core/Default (0.71.12):
    - glog
    - hermes-engine
    - RCT-Folly (= 2021.07.22.00)
    - React-cxxreact (= 0.71.12)
    - React-hermes
    - React-jsi (= 0.71.12)
    - React-jsiexecutor (= 0.71.12)
    - React-perflogger (= 0.71.12)
    - Yoga
  - React-Core/DevSupport (0.71.12):
    - glog
    - hermes-engine
    - RCT-Folly (= 2021.07.22.00)
    - React-Core/Default (= 0.71.12)
    - React-Core/RCTWebSocket (= 0.71.12)
    - React-cxxreact (= 0.71.12)
    - React-hermes
    - React-jsi (= 0.71.12)
    - React-jsiexecutor (= 0.71.12)
    - React-jsinspector (= 0.71.12)
    - React-perflogger (= 0.71.12)
    - Yoga
  - React-Core/RCTActionSheetHeaders (0.71.12):
    - glog
    - hermes-engine
    - RCT-Folly (= 2021.07.22.00)
    - React-Core/Default
    - React-cxxreact (= 0.71.12)
    - React-hermes
    - React-jsi (= 0.71.12)
    - React-jsiexecutor (= 0.71.12)
    - React-perflogger (= 0.71.12)
    - Yoga
  - React-Core/RCTAnimationHeaders (0.71.12):
    - glog
    - hermes-engine
    - RCT-Folly (= 2021.07.22.00)
    - React-Core/Default
    - React-cxxreact (= 0.71.12)
    - React-hermes
    - React-jsi (= 0.71.12)
    - React-jsiexecutor (= 0.71.12)
    - React-perflogger (= 0.71.12)
    - Yoga
  - React-Core/RCTBlobHeaders (0.71.12):
    - glog
    - hermes-engine
    - RCT-Folly (= 2021.07.22.00)
    - React-Core/Default
    - React-cxxreact (= 0.71.12)
    - React-hermes
    - React-jsi (= 0.71.12)
    - React-jsiexecutor (= 0.71.12)
    - React-perflogger (= 0.71.12)
    - Yoga
  - React-Core/RCTImageHeaders (0.71.12):
    - glog
    - hermes-engine
    - RCT-Folly (= 2021.07.22.00)
    - React-Core/Default
    - React-cxxreact (= 0.71.12)
    - React-hermes
    - React-jsi (= 0.71.12)
    - React-jsiexecutor (= 0.71.12)
    - React-perflogger (= 0.71.12)
    - Yoga
  - React-Core/RCTLinkingHeaders (0.71.12):
    - glog
    - hermes-engine
    - RCT-Folly (= 2021.07.22.00)
    - React-Core/Default
    - React-cxxreact (= 0.71.12)
    - React-hermes
    - React-jsi (= 0.71.12)
    - React-jsiexecutor (= 0.71.12)
    - React-perflogger (= 0.71.12)
    - Yoga
  - React-Core/RCTNetworkHeaders (0.71.12):
    - glog
    - hermes-engine
    - RCT-Folly (= 2021.07.22.00)
    - React-Core/Default
    - React-cxxreact (= 0.71.12)
    - React-hermes
    - React-jsi (= 0.71.12)
    - React-jsiexecutor (= 0.71.12)
    - React-perflogger (= 0.71.12)
    - Yoga
  - React-Core/RCTSettingsHeaders (0.71.12):
    - glog
    - hermes-engine
    - RCT-Folly (= 2021.07.22.00)
    - React-Core/Default
    - React-cxxreact (= 0.71.12)
    - React-hermes
    - React-jsi (= 0.71.12)
    - React-jsiexecutor (= 0.71.12)
    - React-perflogger (= 0.71.12)
    - Yoga
  - React-Core/RCTTextHeaders (0.71.12):
    - glog
    - hermes-engine
    - RCT-Folly (= 2021.07.22.00)
    - React-Core/Default
    - React-cxxreact (= 0.71.12)
    - React-hermes
    - React-jsi (= 0.71.12)
    - React-jsiexecutor (= 0.71.12)
    - React-perflogger (= 0.71.12)
    - Yoga
  - React-Core/RCTVibrationHeaders (0.71.12):
    - glog
    - hermes-engine
    - RCT-Folly (= 2021.07.22.00)
    - React-Core/Default
    - React-cxxreact (= 0.71.12)
    - React-hermes
    - React-jsi (= 0.71.12)
    - React-jsiexecutor (= 0.71.12)
    - React-perflogger (= 0.71.12)
    - Yoga
  - React-Core/RCTWebSocket (0.71.12):
    - glog
    - hermes-engine
    - RCT-Folly (= 2021.07.22.00)
    - React-Core/Default (= 0.71.12)
    - React-cxxreact (= 0.71.12)
    - React-hermes
    - React-jsi (= 0.71.12)
    - React-jsiexecutor (= 0.71.12)
    - React-perflogger (= 0.71.12)
    - Yoga
  - React-CoreModules (0.71.12):
    - RCT-Folly (= 2021.07.22.00)
    - RCTTypeSafety (= 0.71.12)
    - React-Codegen (= 0.71.12)
    - React-Core/CoreModulesHeaders (= 0.71.12)
    - React-jsi (= 0.71.12)
    - React-RCTBlob
    - React-RCTImage (= 0.71.12)
    - ReactCommon/turbomodule/core (= 0.71.12)
  - React-cxxreact (0.71.12):
    - boost (= 1.76.0)
    - DoubleConversion
    - glog
    - hermes-engine
    - RCT-Folly (= 2021.07.22.00)
    - React-callinvoker (= 0.71.12)
    - React-jsi (= 0.71.12)
    - React-jsinspector (= 0.71.12)
    - React-logger (= 0.71.12)
    - React-perflogger (= 0.71.12)
    - React-runtimeexecutor (= 0.71.12)
  - React-hermes (0.71.12):
    - DoubleConversion
    - glog
    - hermes-engine
    - RCT-Folly (= 2021.07.22.00)
    - RCT-Folly/Futures (= 2021.07.22.00)
    - React-cxxreact (= 0.71.12)
    - React-jsi
    - React-jsiexecutor (= 0.71.12)
    - React-jsinspector (= 0.71.12)
    - React-perflogger (= 0.71.12)
  - React-jsi (0.71.12):
    - boost (= 1.76.0)
    - DoubleConversion
    - glog
    - hermes-engine
    - RCT-Folly (= 2021.07.22.00)
  - React-jsiexecutor (0.71.12):
    - DoubleConversion
    - glog
    - hermes-engine
    - RCT-Folly (= 2021.07.22.00)
    - React-cxxreact (= 0.71.12)
    - React-jsi (= 0.71.12)
    - React-perflogger (= 0.71.12)
  - React-jsinspector (0.71.12)
  - React-logger (0.71.12):
    - glog
  - react-native-document-picker (5.2.0):
    - React-Core
  - react-native-image-picker (4.10.3):
    - React-Core
  - react-native-netinfo (9.4.1):
    - React-Core
  - react-native-quick-base64 (2.0.7):
    - React-Core
  - react-native-quick-crypto (0.6.1):
    - OpenSSL-Universal
    - React
    - React-callinvoker
    - React-Core
  - react-native-safe-area-context (4.7.1):
    - React-Core
  - react-native-secure-key-store (2.0.10):
    - React-Core
  - react-native-splash-screen (3.3.0):
    - React-Core
  - React-perflogger (0.71.12)
  - React-RCTActionSheet (0.71.12):
    - React-Core/RCTActionSheetHeaders (= 0.71.12)
  - React-RCTAnimation (0.71.12):
    - RCT-Folly (= 2021.07.22.00)
    - RCTTypeSafety (= 0.71.12)
    - React-Codegen (= 0.71.12)
    - React-Core/RCTAnimationHeaders (= 0.71.12)
    - React-jsi (= 0.71.12)
    - ReactCommon/turbomodule/core (= 0.71.12)
  - React-RCTAppDelegate (0.71.12):
    - RCT-Folly
    - RCTRequired
    - RCTTypeSafety
    - React-Core
    - ReactCommon/turbomodule/core
  - React-RCTBlob (0.71.12):
    - hermes-engine
    - RCT-Folly (= 2021.07.22.00)
    - React-Codegen (= 0.71.12)
    - React-Core/RCTBlobHeaders (= 0.71.12)
    - React-Core/RCTWebSocket (= 0.71.12)
    - React-jsi (= 0.71.12)
    - React-RCTNetwork (= 0.71.12)
    - ReactCommon/turbomodule/core (= 0.71.12)
  - React-RCTImage (0.71.12):
    - RCT-Folly (= 2021.07.22.00)
    - RCTTypeSafety (= 0.71.12)
    - React-Codegen (= 0.71.12)
    - React-Core/RCTImageHeaders (= 0.71.12)
    - React-jsi (= 0.71.12)
    - React-RCTNetwork (= 0.71.12)
    - ReactCommon/turbomodule/core (= 0.71.12)
  - React-RCTLinking (0.71.12):
    - React-Codegen (= 0.71.12)
    - React-Core/RCTLinkingHeaders (= 0.71.12)
    - React-jsi (= 0.71.12)
    - ReactCommon/turbomodule/core (= 0.71.12)
  - React-RCTNetwork (0.71.12):
    - RCT-Folly (= 2021.07.22.00)
    - RCTTypeSafety (= 0.71.12)
    - React-Codegen (= 0.71.12)
    - React-Core/RCTNetworkHeaders (= 0.71.12)
    - React-jsi (= 0.71.12)
    - ReactCommon/turbomodule/core (= 0.71.12)
  - React-RCTSettings (0.71.12):
    - RCT-Folly (= 2021.07.22.00)
    - RCTTypeSafety (= 0.71.12)
    - React-Codegen (= 0.71.12)
    - React-Core/RCTSettingsHeaders (= 0.71.12)
    - React-jsi (= 0.71.12)
    - ReactCommon/turbomodule/core (= 0.71.12)
  - React-RCTText (0.71.12):
    - React-Core/RCTTextHeaders (= 0.71.12)
  - React-RCTVibration (0.71.12):
    - RCT-Folly (= 2021.07.22.00)
    - React-Codegen (= 0.71.12)
    - React-Core/RCTVibrationHeaders (= 0.71.12)
    - React-jsi (= 0.71.12)
    - ReactCommon/turbomodule/core (= 0.71.12)
  - React-runtimeexecutor (0.71.12):
    - React-jsi (= 0.71.12)
  - ReactCommon/turbomodule/bridging (0.71.12):
    - DoubleConversion
    - glog
    - hermes-engine
    - RCT-Folly (= 2021.07.22.00)
    - React-callinvoker (= 0.71.12)
    - React-Core (= 0.71.12)
    - React-cxxreact (= 0.71.12)
    - React-jsi (= 0.71.12)
    - React-logger (= 0.71.12)
    - React-perflogger (= 0.71.12)
  - ReactCommon/turbomodule/core (0.71.12):
    - DoubleConversion
    - glog
    - hermes-engine
    - RCT-Folly (= 2021.07.22.00)
    - React-callinvoker (= 0.71.12)
    - React-Core (= 0.71.12)
    - React-cxxreact (= 0.71.12)
    - React-jsi (= 0.71.12)
    - React-logger (= 0.71.12)
    - React-perflogger (= 0.71.12)
  - RNCAsyncStorage (1.19.1):
    - React-Core
  - RNCClipboard (1.11.2):
    - React-Core
  - RNCPushNotificationIOS (1.11.0):
    - React-Core
  - RNDefaultPreference (1.4.4):
    - React-Core
  - RNDeviceInfo (8.7.1):
    - React-Core
  - RNFS (2.20.0):
    - React-Core
  - RNGestureHandler (2.12.1):
    - React-Core
  - RNKeychain (8.1.2):
    - React-Core
  - RNQuickAction (0.3.13):
    - React
  - RNReactNativeHapticFeedback (1.14.0):
    - React-Core
  - RNReanimated (2.17.0):
    - DoubleConversion
    - FBLazyVector
    - FBReactNativeSpec
    - glog
    - RCT-Folly
    - RCTRequired
    - RCTTypeSafety
    - React-callinvoker
    - React-Core
    - React-Core/DevSupport
    - React-Core/RCTWebSocket
    - React-CoreModules
    - React-cxxreact
    - React-jsi
    - React-jsiexecutor
    - React-jsinspector
    - React-RCTActionSheet
    - React-RCTAnimation
    - React-RCTBlob
    - React-RCTImage
    - React-RCTLinking
    - React-RCTNetwork
    - React-RCTSettings
    - React-RCTText
    - ReactCommon/turbomodule/core
    - Yoga
  - RNScreens (3.23.0):
    - React-Core
    - React-RCTImage
  - RNSVG (12.5.1):
    - React-Core
  - SocketRocket (0.6.1)
  - vision-camera-code-scanner (0.2.1):
    - GoogleMLKit/BarcodeScanning
    - React-Core
  - VisionCamera (2.15.5):
    - React
    - React-callinvoker
    - React-Core
  - Yoga (1.14.0)
  - YogaKit (1.18.1):
    - Yoga (~> 1.14)

DEPENDENCIES:
  - bdk-rn (from `../node_modules/bdk-rn`)
  - boost (from `../node_modules/react-native/third-party-podspecs/boost.podspec`)
  - DoubleConversion (from `../node_modules/react-native/third-party-podspecs/DoubleConversion.podspec`)
  - FBLazyVector (from `../node_modules/react-native/Libraries/FBLazyVector`)
  - FBReactNativeSpec (from `../node_modules/react-native/React/FBReactNativeSpec`)
  - Flipper (= 0.125.0)
  - Flipper-Boost-iOSX (= 1.76.0.1.11)
  - Flipper-DoubleConversion (= 3.2.0.1)
  - Flipper-Fmt (= 7.1.7)
  - Flipper-Folly (= 2.6.10)
  - Flipper-Glog (= 0.5.0.5)
  - Flipper-PeerTalk (= 0.0.4)
  - Flipper-RSocket (= 1.4.3)
  - FlipperKit (= 0.125.0)
  - FlipperKit/Core (= 0.125.0)
  - FlipperKit/CppBridge (= 0.125.0)
  - FlipperKit/FBCxxFollyDynamicConvert (= 0.125.0)
  - FlipperKit/FBDefines (= 0.125.0)
  - FlipperKit/FKPortForwarding (= 0.125.0)
  - FlipperKit/FlipperKitHighlightOverlay (= 0.125.0)
  - FlipperKit/FlipperKitLayoutPlugin (= 0.125.0)
  - FlipperKit/FlipperKitLayoutTextSearchable (= 0.125.0)
  - FlipperKit/FlipperKitNetworkPlugin (= 0.125.0)
  - FlipperKit/FlipperKitReactPlugin (= 0.125.0)
  - FlipperKit/FlipperKitUserDefaultsPlugin (= 0.125.0)
  - FlipperKit/SKIOSNetworkPlugin (= 0.125.0)
  - glog (from `../node_modules/react-native/third-party-podspecs/glog.podspec`)
  - hermes-engine (from `../node_modules/react-native/sdks/hermes-engine/hermes-engine.podspec`)
  - libevent (~> 2.1.12)
  - OpenSSL-Universal (= 1.1.1100)
  - RCT-Folly (from `../node_modules/react-native/third-party-podspecs/RCT-Folly.podspec`)
  - RCTRequired (from `../node_modules/react-native/Libraries/RCTRequired`)
  - RCTTypeSafety (from `../node_modules/react-native/Libraries/TypeSafety`)
  - React (from `../node_modules/react-native/`)
  - React-callinvoker (from `../node_modules/react-native/ReactCommon/callinvoker`)
  - React-Codegen (from `build/generated/ios`)
  - React-Core (from `../node_modules/react-native/`)
  - React-Core/DevSupport (from `../node_modules/react-native/`)
  - React-Core/RCTWebSocket (from `../node_modules/react-native/`)
  - React-CoreModules (from `../node_modules/react-native/React/CoreModules`)
  - React-cxxreact (from `../node_modules/react-native/ReactCommon/cxxreact`)
  - React-hermes (from `../node_modules/react-native/ReactCommon/hermes`)
  - React-jsi (from `../node_modules/react-native/ReactCommon/jsi`)
  - React-jsiexecutor (from `../node_modules/react-native/ReactCommon/jsiexecutor`)
  - React-jsinspector (from `../node_modules/react-native/ReactCommon/jsinspector`)
  - React-logger (from `../node_modules/react-native/ReactCommon/logger`)
  - react-native-document-picker (from `../node_modules/react-native-document-picker`)
  - react-native-image-picker (from `../node_modules/react-native-image-picker`)
  - "react-native-netinfo (from `../node_modules/@react-native-community/netinfo`)"
  - react-native-quick-base64 (from `../node_modules/react-native-quick-base64`)
  - react-native-quick-crypto (from `../node_modules/react-native-quick-crypto`)
  - react-native-safe-area-context (from `../node_modules/react-native-safe-area-context`)
  - react-native-secure-key-store (from `../node_modules/react-native-secure-key-store`)
  - react-native-splash-screen (from `../node_modules/react-native-splash-screen`)
  - React-perflogger (from `../node_modules/react-native/ReactCommon/reactperflogger`)
  - React-RCTActionSheet (from `../node_modules/react-native/Libraries/ActionSheetIOS`)
  - React-RCTAnimation (from `../node_modules/react-native/Libraries/NativeAnimation`)
  - React-RCTAppDelegate (from `../node_modules/react-native/Libraries/AppDelegate`)
  - React-RCTBlob (from `../node_modules/react-native/Libraries/Blob`)
  - React-RCTImage (from `../node_modules/react-native/Libraries/Image`)
  - React-RCTLinking (from `../node_modules/react-native/Libraries/LinkingIOS`)
  - React-RCTNetwork (from `../node_modules/react-native/Libraries/Network`)
  - React-RCTSettings (from `../node_modules/react-native/Libraries/Settings`)
  - React-RCTText (from `../node_modules/react-native/Libraries/Text`)
  - React-RCTVibration (from `../node_modules/react-native/Libraries/Vibration`)
  - React-runtimeexecutor (from `../node_modules/react-native/ReactCommon/runtimeexecutor`)
  - ReactCommon/turbomodule/core (from `../node_modules/react-native/ReactCommon`)
  - "RNCAsyncStorage (from `../node_modules/@react-native-async-storage/async-storage`)"
  - "RNCClipboard (from `../node_modules/@react-native-clipboard/clipboard`)"
  - "RNCPushNotificationIOS (from `../node_modules/@react-native-community/push-notification-ios`)"
  - RNDefaultPreference (from `../node_modules/react-native-default-preference`)
  - RNDeviceInfo (from `../node_modules/react-native-device-info`)
  - RNFS (from `../node_modules/react-native-fs`)
  - RNGestureHandler (from `../node_modules/react-native-gesture-handler`)
  - RNKeychain (from `../node_modules/react-native-keychain`)
  - RNQuickAction (from `../node_modules/react-native-quick-actions`)
  - RNReactNativeHapticFeedback (from `../node_modules/react-native-haptic-feedback`)
  - RNReanimated (from `../node_modules/react-native-reanimated`)
  - RNScreens (from `../node_modules/react-native-screens`)
  - RNSVG (from `../node_modules/react-native-svg`)
  - vision-camera-code-scanner (from `../node_modules/vision-camera-code-scanner-fix-55`)
  - VisionCamera (from `../node_modules/react-native-vision-camera`)
  - Yoga (from `../node_modules/react-native/ReactCommon/yoga`)

SPEC REPOS:
  trunk:
    - CocoaAsyncSocket
    - Flipper
    - Flipper-Boost-iOSX
    - Flipper-DoubleConversion
    - Flipper-Fmt
    - Flipper-Folly
    - Flipper-Glog
    - Flipper-PeerTalk
    - Flipper-RSocket
    - FlipperKit
    - fmt
    - GoogleDataTransport
    - GoogleMLKit
    - GoogleToolboxForMac
    - GoogleUtilities
    - GoogleUtilitiesComponents
    - GTMSessionFetcher
    - libevent
    - MLImage
    - MLKitBarcodeScanning
    - MLKitCommon
    - MLKitVision
    - nanopb
    - OpenSSL-Universal
    - PromisesObjC
    - SocketRocket
    - YogaKit

EXTERNAL SOURCES:
  bdk-rn:
    :path: "../node_modules/bdk-rn"
  boost:
    :podspec: "../node_modules/react-native/third-party-podspecs/boost.podspec"
  DoubleConversion:
    :podspec: "../node_modules/react-native/third-party-podspecs/DoubleConversion.podspec"
  FBLazyVector:
    :path: "../node_modules/react-native/Libraries/FBLazyVector"
  FBReactNativeSpec:
    :path: "../node_modules/react-native/React/FBReactNativeSpec"
  glog:
    :podspec: "../node_modules/react-native/third-party-podspecs/glog.podspec"
  hermes-engine:
    :podspec: "../node_modules/react-native/sdks/hermes-engine/hermes-engine.podspec"
  RCT-Folly:
    :podspec: "../node_modules/react-native/third-party-podspecs/RCT-Folly.podspec"
  RCTRequired:
    :path: "../node_modules/react-native/Libraries/RCTRequired"
  RCTTypeSafety:
    :path: "../node_modules/react-native/Libraries/TypeSafety"
  React:
    :path: "../node_modules/react-native/"
  React-callinvoker:
    :path: "../node_modules/react-native/ReactCommon/callinvoker"
  React-Codegen:
    :path: build/generated/ios
  React-Core:
    :path: "../node_modules/react-native/"
  React-CoreModules:
    :path: "../node_modules/react-native/React/CoreModules"
  React-cxxreact:
    :path: "../node_modules/react-native/ReactCommon/cxxreact"
  React-hermes:
    :path: "../node_modules/react-native/ReactCommon/hermes"
  React-jsi:
    :path: "../node_modules/react-native/ReactCommon/jsi"
  React-jsiexecutor:
    :path: "../node_modules/react-native/ReactCommon/jsiexecutor"
  React-jsinspector:
    :path: "../node_modules/react-native/ReactCommon/jsinspector"
  React-logger:
    :path: "../node_modules/react-native/ReactCommon/logger"
  react-native-document-picker:
    :path: "../node_modules/react-native-document-picker"
  react-native-image-picker:
    :path: "../node_modules/react-native-image-picker"
  react-native-netinfo:
    :path: "../node_modules/@react-native-community/netinfo"
  react-native-quick-base64:
    :path: "../node_modules/react-native-quick-base64"
  react-native-quick-crypto:
    :path: "../node_modules/react-native-quick-crypto"
  react-native-safe-area-context:
    :path: "../node_modules/react-native-safe-area-context"
  react-native-secure-key-store:
    :path: "../node_modules/react-native-secure-key-store"
  react-native-splash-screen:
    :path: "../node_modules/react-native-splash-screen"
  React-perflogger:
    :path: "../node_modules/react-native/ReactCommon/reactperflogger"
  React-RCTActionSheet:
    :path: "../node_modules/react-native/Libraries/ActionSheetIOS"
  React-RCTAnimation:
    :path: "../node_modules/react-native/Libraries/NativeAnimation"
  React-RCTAppDelegate:
    :path: "../node_modules/react-native/Libraries/AppDelegate"
  React-RCTBlob:
    :path: "../node_modules/react-native/Libraries/Blob"
  React-RCTImage:
    :path: "../node_modules/react-native/Libraries/Image"
  React-RCTLinking:
    :path: "../node_modules/react-native/Libraries/LinkingIOS"
  React-RCTNetwork:
    :path: "../node_modules/react-native/Libraries/Network"
  React-RCTSettings:
    :path: "../node_modules/react-native/Libraries/Settings"
  React-RCTText:
    :path: "../node_modules/react-native/Libraries/Text"
  React-RCTVibration:
    :path: "../node_modules/react-native/Libraries/Vibration"
  React-runtimeexecutor:
    :path: "../node_modules/react-native/ReactCommon/runtimeexecutor"
  ReactCommon:
    :path: "../node_modules/react-native/ReactCommon"
  RNCAsyncStorage:
    :path: "../node_modules/@react-native-async-storage/async-storage"
  RNCClipboard:
    :path: "../node_modules/@react-native-clipboard/clipboard"
  RNCPushNotificationIOS:
    :path: "../node_modules/@react-native-community/push-notification-ios"
  RNDefaultPreference:
    :path: "../node_modules/react-native-default-preference"
  RNDeviceInfo:
    :path: "../node_modules/react-native-device-info"
  RNFS:
    :path: "../node_modules/react-native-fs"
  RNGestureHandler:
    :path: "../node_modules/react-native-gesture-handler"
  RNKeychain:
    :path: "../node_modules/react-native-keychain"
  RNQuickAction:
    :path: "../node_modules/react-native-quick-actions"
  RNReactNativeHapticFeedback:
    :path: "../node_modules/react-native-haptic-feedback"
  RNReanimated:
    :path: "../node_modules/react-native-reanimated"
  RNScreens:
    :path: "../node_modules/react-native-screens"
  RNSVG:
    :path: "../node_modules/react-native-svg"
  vision-camera-code-scanner:
    :path: "../node_modules/vision-camera-code-scanner-fix-55"
  VisionCamera:
    :path: "../node_modules/react-native-vision-camera"
  Yoga:
    :path: "../node_modules/react-native/ReactCommon/yoga"

SPEC CHECKSUMS:
  bdk-rn: 0b3d1975bad08b2b511fa3fb85249735d626afc6
  boost: 57d2868c099736d80fcd648bf211b4431e51a558
  CocoaAsyncSocket: 065fd1e645c7abab64f7a6a2007a48038fdc6a99
  DoubleConversion: 5189b271737e1565bdce30deb4a08d647e3f5f54
  FBLazyVector: 4eb7ee83e8d0ad7e20a829485295ff48823c4e4c
  FBReactNativeSpec: b24809f97ae83c786928d56b732957195b4fa390
  Flipper: 26fc4b7382499f1281eb8cb921e5c3ad6de91fe0
  Flipper-Boost-iOSX: fd1e2b8cbef7e662a122412d7ac5f5bea715403c
  Flipper-DoubleConversion: 2dc99b02f658daf147069aad9dbd29d8feb06d30
  Flipper-Fmt: 60cbdd92fc254826e61d669a5d87ef7015396a9b
  Flipper-Folly: 584845625005ff068a6ebf41f857f468decd26b3
  Flipper-Glog: 70c50ce58ddaf67dc35180db05f191692570f446
  Flipper-PeerTalk: 116d8f857dc6ef55c7a5a75ea3ceaafe878aadc9
  Flipper-RSocket: d9d9ade67cbecf6ac10730304bf5607266dd2541
  FlipperKit: cbdee19bdd4e7f05472a66ce290f1b729ba3cb86
  fmt: ff9d55029c625d3757ed641535fd4a75fedc7ce9
  glog: 04b94705f318337d7ead9e6d17c019bd9b1f6b1b
  GoogleDataTransport: 54dee9d48d14580407f8f5fbf2f496e92437a2f2
  GoogleMLKit: 2bd0dc6253c4d4f227aad460f69215a504b2980e
  GoogleToolboxForMac: 8bef7c7c5cf7291c687cf5354f39f9db6399ad34
  GoogleUtilities: 13e2c67ede716b8741c7989e26893d151b2b2084
  GoogleUtilitiesComponents: 679b2c881db3b615a2777504623df6122dd20afe
  GTMSessionFetcher: 3a63d75eecd6aa32c2fc79f578064e1214dfdec2
  hermes-engine: b60ebc812e0179a612d8146ac54730d533c804a2
  libevent: 4049cae6c81cdb3654a443be001fb9bdceff7913
  MLImage: 7bb7c4264164ade9bf64f679b40fb29c8f33ee9b
  MLKitBarcodeScanning: 04e264482c5f3810cb89ebc134ef6b61e67db505
  MLKitCommon: c1b791c3e667091918d91bda4bba69a91011e390
  MLKitVision: 8baa5f46ee3352614169b85250574fde38c36f49
  nanopb: b552cce312b6c8484180ef47159bc0f65a1f0431
  OpenSSL-Universal: ebc357f1e6bc71fa463ccb2fe676756aff50e88c
  PromisesObjC: c50d2056b5253dadbd6c2bea79b0674bd5a52fa4
  RCT-Folly: 424b8c9a7a0b9ab2886ffe9c3b041ef628fd4fb1
  RCTRequired: 4db5e3e18b906377a502da5b358ff159ba4783ed
  RCTTypeSafety: 6c1a8aed043050de0d537336c95cd1be7b66c272
  React: 214e77358d860a3ed707fede9088e7c00663a087
  React-callinvoker: 8fc1c79c26fbcadce2a5d4a3cb4b2ced2dec3436
  React-Codegen: 1517e1a59c594e6b5661d3d054209e838baa4fa7
  React-Core: ea541085ca5be10b2be289c7d82eba368b5c4900
  React-CoreModules: d9680e1d551eef1dd764df736a473cf25f701070
  React-cxxreact: 0792e80e291d086b2cf588410f6bc6e752bc1d83
  React-hermes: 0b1bba58112cb7421f1166d527a1a05489f48dbc
  React-jsi: 1e41088515c4273ef5b118575337df4671851430
  React-jsiexecutor: 509cd947c28834614808ce056ee8eb700a0662aa
  React-jsinspector: ec4dcbfb1f4e72f04f826a0301eceee5fa7ca540
  React-logger: 35538accacf2583693fbc3ee8b53e69a1776fcee
  react-native-document-picker: f1b5398801b332c77bc62ae0eae2116f49bdff26
  react-native-image-picker: 60f4246eb5bb7187fc15638a8c1f13abd3820695
  react-native-netinfo: fefd4e98d75cbdd6e85fc530f7111a8afdf2b0c5
  react-native-quick-base64: a5dbe4528f1453e662fcf7351029500b8b63e7bb
  react-native-quick-crypto: 455c1b411db006dba1026a30681ececb19180187
  react-native-safe-area-context: 9697629f7b2cda43cf52169bb7e0767d330648c2
  react-native-secure-key-store: 910e6df6bc33cb790aba6ee24bc7818df1fe5898
  react-native-splash-screen: 4312f786b13a81b5169ef346d76d33bc0c6dc457
  React-perflogger: 75b0e25075c67565a830985f3c373e2eae5389e0
  React-RCTActionSheet: a0c3e916b327e297d124d9ebe8b0c721840ee04d
  React-RCTAnimation: 3da7025801d7bf0f8cfd94574d6278d5b82a8b88
  React-RCTAppDelegate: f74a567e0bc905aaff66d47ab30e6548f727549c
  React-RCTBlob: 53252ebabe7777fd1c440a34546c64e16b162908
  React-RCTImage: e230761bd34d71362dd8b3d51b5cd72674935aa0
  React-RCTLinking: 3294b1b540005628168e5a341963b0eddc3932e8
  React-RCTNetwork: 00c6b2215e54a9fb015c53a5e02b0a852dbb8568
  React-RCTSettings: 2e7e4964f45e9b24c6c32ad30b6ab2ef4a7e2ffc
  React-RCTText: a9c712b13cab90e1432e0ad113edc8bdbc691248
  React-RCTVibration: a283fefb8cc29d9740a7ff2e87f72ad10f25a433
  React-runtimeexecutor: 7902246857a4ead4166869e6c42d4df329ff721d
  ReactCommon: a6d1c76b9e10b439e41db225263341240e1cda9f
  RNCAsyncStorage: f47fe18526970a69c34b548883e1aeceb115e3e1
  RNCClipboard: 3f0451a8100393908bea5c5c5b16f96d45f30bfc
  RNCPushNotificationIOS: 64218f3c776c03d7408284a819b2abfda1834bc8
  RNDefaultPreference: 08bdb06cfa9188d5da97d4642dac745218d7fb31
  RNDeviceInfo: aad3c663b25752a52bf8fce93f2354001dd185aa
  RNFS: 4ac0f0ea233904cb798630b3c077808c06931688
  RNGestureHandler: c0d04458598fcb26052494ae23dda8f8f5162b13
  RNKeychain: a65256b6ca6ba6976132cc4124b238a5b13b3d9c
  RNQuickAction: 6d404a869dc872cde841ad3147416a670d13fa93
  RNReactNativeHapticFeedback: 1e3efeca9628ff9876ee7cdd9edec1b336913f8c
  RNReanimated: f186e85d9f28c9383d05ca39e11dd194f59093ec
  RNScreens: 6a8a3c6b808aa48dca1780df7b73ea524f602c63
  RNSVG: d7d7bc8229af3842c9cfc3a723c815a52cdd1105
  SocketRocket: f32cd54efbe0f095c4d7594881e52619cfe80b17
  vision-camera-code-scanner: ea4c16d84f9715db8b33c7591a4db99e278e2d4b
  VisionCamera: a510a31cf8eaa037cda618c3f4b741a4cfac45f0
  Yoga: 39310a10944fc864a7550700de349183450f8aaa
  YogaKit: f782866e155069a2cca2517aafea43200b01fd5a

PODFILE CHECKSUM: bb434d144a78569ff02002572bf13aab30e2cf41

COCOAPODS: 1.12.1
